
Microsoft Visual Studio Solution File, Format Version 12.00
# Visual Studio Version 16
VisualStudioVersion = 16.0.30523.141
MinimumVisualStudioVersion = 10.0.40219.1
Project("{FAE04EC0-301F-11D3-BF4B-00C04F79EFBC}") = "Tarea2MPaez.Android", "Tarea2MPaez\Tarea2MPaez.Android\Tarea2MPaez.Android.csproj", "{CFB102E1-D962-4E3A-ABA3-1F9D8EF3A7F8}"
EndProject
Project("{FAE04EC0-301F-11D3-BF4B-00C04F79EFBC}") = "Tarea2MPaez.iOS", "Tarea2MPaez\Tarea2MPaez.iOS\Tarea2MPaez.iOS.csproj", "{190446DE-D798-45B3-9521-C9381D4078A7}"
EndProject
Project("{FAE04EC0-301F-11D3-BF4B-00C04F79EFBC}") = "Tarea2MPaez", "Tarea2MPaez\Tarea2MPaez\Tarea2MPaez.csproj", "{3ACCBD93-0FEA-4AFD-B9E9-CC56CE5E2C36}"
EndProject
Global
	GlobalSection(SolutionConfigurationPlatforms) = preSolution
		Debug|Any CPU = Debug|Any CPU
		Debug|iPhone = Debug|iPhone
		Debug|iPhoneSimulator = Debug|iPhoneSimulator
		Release|Any CPU = Release|Any CPU
		Release|iPhone = Release|iPhone
		Release|iPhoneSimulator = Release|iPhoneSimulator
	EndGlobalSection
	GlobalSection(ProjectConfigurationPlatforms) = postSolution
		{CFB102E1-D962-4E3A-ABA3-1F9D8EF3A7F8}.Debug|Any CPU.ActiveCfg = Debug|Any CPU
		{CFB102E1-D962-4E3A-ABA3-1F9D8EF3A7F8}.Debug|Any CPU.Build.0 = Debug|Any CPU
		{CFB102E1-D962-4E3A-ABA3-1F9D8EF3A7F8}.Debug|Any CPU.Deploy.0 = Debug|Any CPU
		{CFB102E1-D962-4E3A-ABA3-1F9D8EF3A7F8}.Debug|iPhone.ActiveCfg = Debug|Any CPU
		{CFB102E1-D962-4E3A-ABA3-1F9D8EF3A7F8}.Debug|iPhone.Build.0 = Debug|Any CPU
		{CFB102E1-D962-4E3A-ABA3-1F9D8EF3A7F8}.Debug|iPhone.Deploy.0 = Debug|Any CPU
		{CFB102E1-D962-4E3A-ABA3-1F9D8EF3A7F8}.Debug|iPhoneSimulator.ActiveCfg = Debug|Any CPU
		{CFB102E1-D962-4E3A-ABA3-1F9D8EF3A7F8}.Debug|iPhoneSimulator.Build.0 = Debug|Any CPU
		{CFB102E1-D962-4E3A-ABA3-1F9D8EF3A7F8}.Debug|iPhoneSimulator.Deploy.0 = Debug|Any CPU
		{CFB102E1-D962-4E3A-ABA3-1F9D8EF3A7F8}.Release|Any CPU.ActiveCfg = Release|Any CPU
		{CFB102E1-D962-4E3A-ABA3-1F9D8EF3A7F8}.Release|Any CPU.Build.0 = Release|Any CPU
		{CFB102E1-D962-4E3A-ABA3-1F9D8EF3A7F8}.Release|Any CPU.Deploy.0 = Release|Any CPU
		{CFB102E1-D962-4E3A-ABA3-1F9D8EF3A7F8}.Release|iPhone.ActiveCfg = Release|Any CPU
		{CFB102E1-D962-4E3A-ABA3-1F9D8EF3A7F8}.Release|iPhone.Build.0 = Release|Any CPU
		{CFB102E1-D962-4E3A-ABA3-1F9D8EF3A7F8}.Release|iPhone.Deploy.0 = Release|Any CPU
		{CFB102E1-D962-4E3A-ABA3-1F9D8EF3A7F8}.Release|iPhoneSimulator.ActiveCfg = Release|Any CPU
		{CFB102E1-D962-4E3A-ABA3-1F9D8EF3A7F8}.Release|iPhoneSimulator.Build.0 = Release|Any CPU
		{CFB102E1-D962-4E3A-ABA3-1F9D8EF3A7F8}.Release|iPhoneSimulator.Deploy.0 = Release|Any CPU
		{190446DE-D798-45B3-9521-C9381D4078A7}.Debug|Any CPU.ActiveCfg = Debug|iPhone
		{190446DE-D798-45B3-9521-C9381D4078A7}.Debug|Any CPU.Build.0 = Debug|iPhone
		{190446DE-D798-45B3-9521-C9381D4078A7}.Debug|Any CPU.Deploy.0 = Debug|iPhone
		{190446DE-D798-45B3-9521-C9381D4078A7}.Debug|iPhone.ActiveCfg = Debug|iPhone
		{190446DE-D798-45B3-9521-C9381D4078A7}.Debug|iPhone.Build.0 = Debug|iPhone
		{190446DE-D798-45B3-9521-C9381D4078A7}.Debug|iPhone.Deploy.0 = Debug|iPhone
		{190446DE-D798-45B3-9521-C9381D4078A7}.Debug|iPhoneSimulator.ActiveCfg = Debug|iPhoneSimulator
		{190446DE-D798-45B3-9521-C9381D4078A7}.Debug|iPhoneSimulator.Build.0 = Debug|iPhoneSimulator
		{190446DE-D798-45B3-9521-C9381D4078A7}.Debug|iPhoneSimulator.Deploy.0 = Debug|iPhoneSimulator
		{190446DE-D798-45B3-9521-C9381D4078A7}.Release|Any CPU.ActiveCfg = Release|iPhoneSimulator
		{190446DE-D798-45B3-9521-C9381D4078A7}.Release|Any CPU.Build.0 = Release|iPhoneSimulator
		{190446DE-D798-45B3-9521-C9381D4078A7}.Release|Any CPU.Deploy.0 = Release|iPhoneSimulator
		{190446DE-D798-45B3-9521-C9381D4078A7}.Release|iPhone.ActiveCfg = Release|iPhone
		{190446DE-D798-45B3-9521-C9381D4078A7}.Release|iPhone.Build.0 = Release|iPhone
		{190446DE-D798-45B3-9521-C9381D4078A7}.Release|iPhone.Deploy.0 = Release|iPhone
		{190446DE-D798-45B3-9521-C9381D4078A7}.Release|iPhoneSimulator.ActiveCfg = Release|iPhoneSimulator
		{190446DE-D798-45B3-9521-C9381D4078A7}.Release|iPhoneSimulator.Build.0 = Release|iPhoneSimulator
		{190446DE-D798-45B3-9521-C9381D4078A7}.Release|iPhoneSimulator.Deploy.0 = Release|iPhoneSimulator
		{3ACCBD93-0FEA-4AFD-B9E9-CC56CE5E2C36}.Debug|Any CPU.ActiveCfg = Debug|Any CPU
		{3ACCBD93-0FEA-4AFD-B9E9-CC56CE5E2C36}.Debug|Any CPU.Build.0 = Debug|Any CPU
		{3ACCBD93-0FEA-4AFD-B9E9-CC56CE5E2C36}.Debug|Any CPU.Deploy.0 = Debug|Any CPU
		{3ACCBD93-0FEA-4AFD-B9E9-CC56CE5E2C36}.Debug|iPhone.ActiveCfg = Debug|Any CPU
		{3ACCBD93-0FEA-4AFD-B9E9-CC56CE5E2C36}.Debug|iPhone.Build.0 = Debug|Any CPU
		{3ACCBD93-0FEA-4AFD-B9E9-CC56CE5E2C36}.Debug|iPhone.Deploy.0 = Debug|Any CPU
		{3ACCBD93-0FEA-4AFD-B9E9-CC56CE5E2C36}.Debug|iPhoneSimulator.ActiveCfg = Debug|Any CPU
		{3ACCBD93-0FEA-4AFD-B9E9-CC56CE5E2C36}.Debug|iPhoneSimulator.Build.0 = Debug|Any CPU
		{3ACCBD93-0FEA-4AFD-B9E9-CC56CE5E2C36}.Debug|iPhoneSimulator.Deploy.0 = Debug|Any CPU
		{3ACCBD93-0FEA-4AFD-B9E9-CC56CE5E2C36}.Release|Any CPU.ActiveCfg = Release|Any CPU
		{3ACCBD93-0FEA-4AFD-B9E9-CC56CE5E2C36}.Release|Any CPU.Build.0 = Release|Any CPU
		{3ACCBD93-0FEA-4AFD-B9E9-CC56CE5E2C36}.Release|Any CPU.Deploy.0 = Release|Any CPU
		{3ACCBD93-0FEA-4AFD-B9E9-CC56CE5E2C36}.Release|iPhone.ActiveCfg = Release|Any CPU
		{3ACCBD93-0FEA-4AFD-B9E9-CC56CE5E2C36}.Release|iPhone.Build.0 = Release|Any CPU
		{3ACCBD93-0FEA-4AFD-B9E9-CC56CE5E2C36}.Release|iPhone.Deploy.0 = Release|Any CPU
		{3ACCBD93-0FEA-4AFD-B9E9-CC56CE5E2C36}.Release|iPhoneSimulator.ActiveCfg = Release|Any CPU
		{3ACCBD93-0FEA-4AFD-B9E9-CC56CE5E2C36}.Release|iPhoneSimulator.Build.0 = Release|Any CPU
		{3ACCBD93-0FEA-4AFD-B9E9-CC56CE5E2C36}.Release|iPhoneSimulator.Deploy.0 = Release|Any CPU
	EndGlobalSection
	GlobalSection(SolutionProperties) = preSolution
		HideSolutionNode = FALSE
	EndGlobalSection
	GlobalSection(ExtensibilityGlobals) = postSolution
		SolutionGuid = {0692412A-7F53-4A48-AD5C-9AF8A55482CB}
	EndGlobalSection
EndGlobal
